{
    "_readme": [
        "This file locks the dependencies of your project to a known state",
        "Read more about it at https://getcomposer.org/doc/01-basic-usage.md#installing-dependencies",
        "This file is @generated automatically"
    ],
    "content-hash": "1d6897c772f2d03400708aec9a31fd33",
    "packages": [
        {
            "name": "bcosca/fatfree-core",
            "version": "3.9.0",
            "source": {
                "type": "git",
                "url": "https://github.com/f3-factory/fatfree-core.git",
                "reference": "227b3b03315ab86b1601d9e9fd8e07efbedf6ab9"
            },
            "dist": {
                "type": "zip",
                "url": "https://api.github.com/repos/f3-factory/fatfree-core/zipball/227b3b03315ab86b1601d9e9fd8e07efbedf6ab9",
                "reference": "227b3b03315ab86b1601d9e9fd8e07efbedf6ab9",
                "shasum": ""
            },
            "require": {
                "php": ">=7.2"
            },
            "type": "library",
            "autoload": {
                "classmap": [
                    "."
                ]
            },
            "notification-url": "https://packagist.org/downloads/",
            "license": [
                "GPL-3.0"
            ],
            "description": "A powerful yet easy-to-use PHP micro-framework designed to help you build dynamic and robust Web applications - fast!",
            "homepage": "http://fatfreeframework.com/",
            "support": {
                "issues": "https://github.com/f3-factory/fatfree-core/issues",
                "source": "https://github.com/f3-factory/fatfree-core/tree/3.9.0"
            },
            "funding": [
                {
                    "url": "https://www.buymeacoffee.com/ikkez",
                    "type": "buy_me_a_coffee"
                },
                {
                    "url": "https://github.com/ikkez",
                    "type": "github"
                }
            ],
            "time": "2024-12-31T17:11:04+00:00"
        },
        {
            "name": "components/jquery",
            "version": "v3.7.1",
            "source": {
                "type": "git",
                "url": "https://github.com/components/jquery.git",
                "reference": "8edc7785239bb8c2ad2b83302b856a1d61de60e7"
            },
            "dist": {
                "type": "zip",
                "url": "https://api.github.com/repos/components/jquery/zipball/8edc7785239bb8c2ad2b83302b856a1d61de60e7",
                "reference": "8edc7785239bb8c2ad2b83302b856a1d61de60e7",
                "shasum": ""
            },
            "type": "component",
            "extra": {
                "component": {
                    "files": [
                        "jquery.min.js",
                        "jquery.min.map",
                        "jquery.slim.js",
                        "jquery.slim.min.js",
                        "jquery.slim.min.map"
                    ],
                    "scripts": [
                        "jquery.js"
                    ]
                }
            },
            "notification-url": "https://packagist.org/downloads/",
            "license": [
                "MIT"
            ],
            "authors": [
                {
                    "name": "JS Foundation and other contributors"
                }
            ],
            "description": "jQuery JavaScript Library",
            "homepage": "http://jquery.com",
            "support": {
                "forum": "http://forum.jquery.com",
                "irc": "irc://irc.freenode.org/jquery",
                "issues": "https://github.com/jquery/jquery/issues",
                "source": "https://github.com/jquery/jquery",
                "wiki": "http://docs.jquery.com/"
            },
            "time": "2023-09-22T01:43:46+00:00"
        },
        {
            "name": "components/jqueryui",
            "version": "1.12.1",
            "source": {
                "type": "git",
                "url": "https://github.com/components/jqueryui.git",
                "reference": "44ecf3794cc56b65954cc19737234a3119d036cc"
            },
            "dist": {
                "type": "zip",
                "url": "https://api.github.com/repos/components/jqueryui/zipball/44ecf3794cc56b65954cc19737234a3119d036cc",
                "reference": "44ecf3794cc56b65954cc19737234a3119d036cc",
                "shasum": ""
            },
            "require": {
                "components/jquery": ">=1.6"
            },
            "type": "component",
            "extra": {
                "component": {
                    "name": "jquery-ui",
                    "shim": {
                        "deps": [
                            "jquery"
                        ],
                        "exports": "jQuery"
                    },
                    "files": [
                        "ui/**",
                        "themes/**",
                        "jquery-ui.min.js"
                    ],
                    "scripts": [
                        "jquery-ui.js"
                    ]
                }
            },
            "notification-url": "https://packagist.org/downloads/",
            "license": [
                "MIT"
            ],
            "authors": [
                {
                    "name": "jQuery UI Team",
                    "homepage": "http://jqueryui.com/about"
                },
                {
                    "name": "Joern Zaefferer",
                    "email": "joern.zaefferer@gmail.com",
                    "homepage": "http://bassistance.de"
                },
                {
                    "name": "Scott Gonzalez",
                    "email": "scott.gonzalez@gmail.com",
                    "homepage": "http://scottgonzalez.com"
                },
                {
                    "name": "Kris Borchers",
                    "email": "kris.borchers@gmail.com",
                    "homepage": "http://krisborchers.com"
                },
                {
                    "name": "Mike Sherov",
                    "email": "mike.sherov@gmail.com",
                    "homepage": "http://mike.sherov.com"
                },
                {
                    "name": "TJ VanToll",
                    "email": "tj.vantoll@gmail.com",
                    "homepage": "http://tjvantoll.com"
                },
                {
                    "name": "Corey Frang",
                    "email": "gnarf37@gmail.com",
                    "homepage": "http://gnarf.net"
                },
                {
                    "name": "Felix Nagel",
                    "email": "info@felixnagel.com",
                    "homepage": "http://www.felixnagel.com"
                }
            ],
            "description": "jQuery UI is a curated set of user interface interactions, effects, widgets, and themes built on top of the jQuery JavaScript Library. Whether you're building highly interactive web applications or you just need to add a date picker to a form control, jQuery UI is the perfect choice.",
            "support": {
                "issues": "https://github.com/components/jqueryui/issues",
                "source": "https://github.com/components/jqueryui/tree/master"
            },
            "time": "2016-09-16T05:47:55+00:00"
        },
        {
            "name": "fortawesome/font-awesome",
            "version": "6.7.2",
            "source": {
                "type": "git",
                "url": "https://github.com/FortAwesome/Font-Awesome.git",
                "reference": "af620534bfc3c2d4cbefcfeec29603bbe7809e64"
            },
            "dist": {
                "type": "zip",
                "url": "https://api.github.com/repos/FortAwesome/Font-Awesome/zipball/af620534bfc3c2d4cbefcfeec29603bbe7809e64",
                "reference": "af620534bfc3c2d4cbefcfeec29603bbe7809e64",
                "shasum": ""
            },
            "type": "library",
            "notification-url": "https://packagist.org/downloads/",
            "license": [
                "CC-BY-4.0",
                "OFL-1.1",
                "MIT"
            ],
            "authors": [
                {
                    "name": "The Font Awesome Team",
                    "homepage": "https://github.com/orgs/FortAwesome/people"
                }
            ],
            "description": "The iconic font, CSS, and SVG framework",
            "homepage": "https://fontawesome.com",
            "keywords": [
                "FontAwesome",
                "awesome",
                "bootstrap",
                "font",
                "icon",
                "svg"
            ],
            "support": {
                "docs": "http://fontawesome.com/docs",
                "email": "hello@fontawesome.com",
                "issues": "https://github.com/FortAwesome/Font-Awesome/issues",
                "source": "https://github.com/FortAwesome/Font-Awesome"
            },
            "time": "2024-12-16T21:31:56+00:00"
        },
        {
            "name": "ikkez/f3-cortex",
            "version": "v1.7.7",
            "source": {
                "type": "git",
                "url": "https://github.com/ikkez/f3-cortex.git",
                "reference": "6c735c713e0eb0d562614e7dc1be72de097c71b1"
            },
            "dist": {
                "type": "zip",
                "url": "https://api.github.com/repos/ikkez/f3-cortex/zipball/6c735c713e0eb0d562614e7dc1be72de097c71b1",
                "reference": "6c735c713e0eb0d562614e7dc1be72de097c71b1",
                "shasum": ""
            },
            "require": {
                "ikkez/f3-schema-builder": "2.*"
            },
            "type": "library",
            "autoload": {
                "classmap": [
                    "lib/"
                ]
            },
            "notification-url": "https://packagist.org/downloads/",
            "license": [
                "GPL-3.0"
            ],
            "description": "A multi-engine ORM / ODM for the PHP Fat-Free Framework",
            "homepage": "https://github.com/ikkez/f3-cortex",
            "keywords": [
                "F3",
                "fatfree",
                "mongo",
                "orm",
                "sql"
            ],
            "support": {
                "issues": "https://github.com/ikkez/f3-cortex/issues",
                "source": "https://github.com/ikkez/f3-cortex/tree/v1.7.7"
            },
            "time": "2024-03-06T16:05:14+00:00"
        },
        {
            "name": "ikkez/f3-falsum",
            "version": "v2.8.1",
            "source": {
                "type": "git",
                "url": "https://github.com/ikkez/f3-falsum.git",
                "reference": "cf2a855b41ab69349527b631adb844e761506ece"
            },
            "dist": {
                "type": "zip",
                "url": "https://api.github.com/repos/ikkez/f3-falsum/zipball/cf2a855b41ab69349527b631adb844e761506ece",
                "reference": "cf2a855b41ab69349527b631adb844e761506ece",
                "shasum": ""
            },
            "require": {
                "php": ">=5.5.9"
            },
            "suggest": {
                "symfony/var-dumper": "Pretty print complex values better with var-dumper available"
            },
            "type": "library",
            "autoload": {
                "psr-4": {
                    "Falsum\\": "src/Falsum/"
                }
            },
            "notification-url": "https://packagist.org/downloads/",
            "license": [
                "MIT"
            ],
            "authors": [
                {
                    "name": "Rafael Morais dos Santos",
                    "homepage": "https://ra.fael.ml",
                    "role": "Developer"
                },
                {
                    "name": "Christian Knuth",
                    "homepage": "https://ikkez.de",
                    "role": "Developer"
                }
            ],
            "description": "Pretty error handling for Fat-Free Framework",
            "homepage": "https://github.com/ikkez/f3-falsum",
            "keywords": [
                "F3",
                "error",
                "exception",
                "falsum",
                "fat-free framework",
                "handling",
                "library"
            ],
            "support": {
                "issues": "https://github.com/ikkez/f3-falsum/issues",
                "source": "https://github.com/ikkez/f3-falsum/tree/v2.8.1"
            },
            "time": "2020-12-06T18:29:00+00:00"
        },
        {
            "name": "ikkez/f3-schema-builder",
            "version": "v2.2.6",
            "source": {
                "type": "git",
                "url": "https://github.com/ikkez/f3-schema-builder.git",
                "reference": "1fc4cf37e4683037d35a8536232bcacbf7f4dd0b"
            },
            "dist": {
                "type": "zip",
                "url": "https://api.github.com/repos/ikkez/f3-schema-builder/zipball/1fc4cf37e4683037d35a8536232bcacbf7f4dd0b",
                "reference": "1fc4cf37e4683037d35a8536232bcacbf7f4dd0b",
                "shasum": ""
            },
            "require": {
                "bcosca/fatfree-core": "^3.6"
            },
            "type": "library",
            "autoload": {
                "classmap": [
                    "lib/"
                ]
            },
            "notification-url": "https://packagist.org/downloads/",
            "license": [
                "GPL-3.0"
            ],
            "description": "SQL Schema Builder Plugin for PHP Fat-Free Framework",
            "homepage": "https://github.com/ikkez/f3-schema-builder",
            "keywords": [
                "F3",
                "fatfree",
                "sql"
            ],
            "support": {
                "issues": "https://github.com/ikkez/f3-schema-builder/issues",
                "source": "https://github.com/ikkez/f3-schema-builder/tree/v2.2.6"
            },
            "time": "2023-02-13T19:12:50+00:00"
        },
        {
            "name": "ikkez/f3-validation-engine",
            "version": "v1.7.3",
            "source": {
                "type": "git",
                "url": "https://github.com/ikkez/f3-validation-engine.git",
                "reference": "2338f8ad05bf80af7b4b699981c04b30d461d918"
            },
            "dist": {
                "type": "zip",
                "url": "https://api.github.com/repos/ikkez/f3-validation-engine/zipball/2338f8ad05bf80af7b4b699981c04b30d461d918",
                "reference": "2338f8ad05bf80af7b4b699981c04b30d461d918",
                "shasum": ""
            },
            "type": "library",
            "autoload": {
                "classmap": [
                    "src/"
                ]
            },
            "notification-url": "https://packagist.org/downloads/",
            "license": [
                "GPL-3.0"
            ],
            "description": "Validation engine for Cortex and the PHP Fat-Free Framework",
            "homepage": "https://github.com/ikkez/f3-validation-engine",
            "keywords": [
                "F3",
                "GUMP",
                "cortex",
                "fatfree",
                "model",
                "validation"
            ],
            "support": {
                "issues": "https://github.com/ikkez/f3-validation-engine/issues",
                "source": "https://github.com/ikkez/f3-validation-engine/tree/v1.7.3"
            },
            "time": "2023-01-23T22:06:35+00:00"
        },
        {
            "name": "io-developer/php-whois",
            "version": "4.1.10",
            "source": {
                "type": "git",
                "url": "https://github.com/io-developer/php-whois.git",
                "reference": "ea4cf52832fe8ff56fc4937138467819aa2829c1"
            },
            "dist": {
                "type": "zip",
                "url": "https://api.github.com/repos/io-developer/php-whois/zipball/ea4cf52832fe8ff56fc4937138467819aa2829c1",
                "reference": "ea4cf52832fe8ff56fc4937138467819aa2829c1",
                "shasum": ""
            },
            "require": {
                "ext-curl": "*",
                "ext-json": "*",
                "ext-mbstring": "*",
                "php": ">=7.2",
                "symfony/polyfill-intl-idn": "^1.27"
            },
            "require-dev": {
                "phpunit/phpunit": "^8.0"
            },
            "type": "library",
            "autoload": {
                "psr-4": {
                    "Iodev\\": "src/Iodev/"
                }
            },
            "notification-url": "https://packagist.org/downloads/",
            "license": [
                "MIT"
            ],
            "authors": [
                {
                    "name": "Sergey Sedyshev",
                    "email": "i.o.developer@gmail.com",
                    "homepage": "https://github.com/io-developer"
                }
            ],
            "description": "PHP WHOIS provides parsed and raw whois lookup of domains and ASN routes. PHP 5.4+ and 7+ compatible ",
            "homepage": "https://github.com/io-developer/php-whois",
            "keywords": [
                "asn",
                "domain",
                "info",
                "lookup",
                "parser",
                "php",
                "query",
                "routes",
                "tld",
                "whois",
                "црщшы"
            ],
            "support": {
                "issues": "https://github.com/io-developer/php-whois/issues",
                "source": "https://github.com/io-developer/php-whois/tree/4.1.10"
            },
            "time": "2023-01-25T14:42:45+00:00"
        },
        {
            "name": "olaulau/htmlskel",
            "version": "dev-master",
            "source": {
                "type": "git",
                "url": "https://github.com/olaulau/HtmlSkel.git",
                "reference": "a1e8b40a02c1393cea5777d5b7be2068c30aab68"
            },
            "dist": {
                "type": "zip",
                "url": "https://api.github.com/repos/olaulau/HtmlSkel/zipball/a1e8b40a02c1393cea5777d5b7be2068c30aab68",
                "reference": "a1e8b40a02c1393cea5777d5b7be2068c30aab68",
                "shasum": ""
            },
            "require": {
                "bcosca/fatfree-core": "^3.8",
                "components/jquery": "^3",
                "components/jqueryui": "^1",
                "fortawesome/font-awesome": "^6",
                "ikkez/f3-cortex": "1.*",
                "ikkez/f3-falsum": "^2.8",
                "ikkez/f3-validation-engine": "^1.7",
                "select2/select2": "^4.0",
                "twbs/bootstrap": "^5"
            },
            "default-branch": true,
            "type": "library",
            "support": {
                "source": "https://github.com/olaulau/HtmlSkel/tree/master",
                "issues": "https://github.com/olaulau/HtmlSkel/issues"
            },
            "time": "2024-01-09T16:02:10+00:00"
        },
        {
            "name": "select2/select2",
            "version": "4.0.13",
            "source": {
                "type": "git",
                "url": "https://github.com/select2/select2.git",
                "reference": "45f2b83ceed5231afa7b3d5b12b58ad335edd82e"
            },
            "dist": {
                "type": "zip",
                "url": "https://api.github.com/repos/select2/select2/zipball/45f2b83ceed5231afa7b3d5b12b58ad335edd82e",
                "reference": "45f2b83ceed5231afa7b3d5b12b58ad335edd82e",
                "shasum": ""
            },
            "type": "component",
            "extra": {
                "component": {
                    "files": [
                        "dist/js/select2.js",
                        "dist/js/i18n/*.js",
                        "dist/css/select2.css"
                    ],
                    "styles": [
                        "dist/css/select2.css"
                    ],
                    "scripts": [
                        "dist/js/select2.js"
                    ]
                }
            },
            "notification-url": "https://packagist.org/downloads/",
            "license": [
                "MIT"
            ],
            "description": "Select2 is a jQuery based replacement for select boxes.",
            "homepage": "https://select2.org/",
            "support": {
                "issues": "https://github.com/select2/select2/issues",
                "source": "https://github.com/select2/select2/tree/4.0.13"
            },
            "time": "2020-01-28T05:01:22+00:00"
        },
        {
            "name": "symfony/polyfill-intl-idn",
            "version": "v1.31.0",
            "source": {
                "type": "git",
                "url": "https://github.com/symfony/polyfill-intl-idn.git",
                "reference": "c36586dcf89a12315939e00ec9b4474adcb1d773"
            },
            "dist": {
                "type": "zip",
                "url": "https://api.github.com/repos/symfony/polyfill-intl-idn/zipball/c36586dcf89a12315939e00ec9b4474adcb1d773",
                "reference": "c36586dcf89a12315939e00ec9b4474adcb1d773",
                "shasum": ""
            },
            "require": {
                "php": ">=7.2",
                "symfony/polyfill-intl-normalizer": "^1.10"
            },
            "suggest": {
                "ext-intl": "For best performance"
            },
            "type": "library",
            "extra": {
                "thanks": {
                    "url": "https://github.com/symfony/polyfill",
                    "name": "symfony/polyfill"
                }
            },
            "autoload": {
                "files": [
                    "bootstrap.php"
                ],
                "psr-4": {
                    "Symfony\\Polyfill\\Intl\\Idn\\": ""
                }
            },
            "notification-url": "https://packagist.org/downloads/",
            "license": [
                "MIT"
            ],
            "authors": [
                {
                    "name": "Laurent Bassin",
                    "email": "laurent@bassin.info"
                },
                {
                    "name": "Trevor Rowbotham",
                    "email": "trevor.rowbotham@pm.me"
                },
                {
                    "name": "Symfony Community",
                    "homepage": "https://symfony.com/contributors"
                }
            ],
            "description": "Symfony polyfill for intl's idn_to_ascii and idn_to_utf8 functions",
            "homepage": "https://symfony.com",
            "keywords": [
                "compatibility",
                "idn",
                "intl",
                "polyfill",
                "portable",
                "shim"
            ],
            "support": {
                "source": "https://github.com/symfony/polyfill-intl-idn/tree/v1.31.0"
            },
            "funding": [
                {
                    "url": "https://symfony.com/sponsor",
                    "type": "custom"
                },
                {
                    "url": "https://github.com/fabpot",
                    "type": "github"
                },
                {
                    "url": "https://tidelift.com/funding/github/packagist/symfony/symfony",
                    "type": "tidelift"
                }
            ],
            "time": "2024-09-09T11:45:10+00:00"
        },
        {
            "name": "symfony/polyfill-intl-normalizer",
            "version": "v1.31.0",
            "source": {
                "type": "git",
                "url": "https://github.com/symfony/polyfill-intl-normalizer.git",
                "reference": "3833d7255cc303546435cb650316bff708a1c75c"
            },
            "dist": {
                "type": "zip",
                "url": "https://api.github.com/repos/symfony/polyfill-intl-normalizer/zipball/3833d7255cc303546435cb650316bff708a1c75c",
                "reference": "3833d7255cc303546435cb650316bff708a1c75c",
                "shasum": ""
            },
            "require": {
                "php": ">=7.2"
            },
            "suggest": {
                "ext-intl": "For best performance"
            },
            "type": "library",
            "extra": {
                "thanks": {
                    "url": "https://github.com/symfony/polyfill",
                    "name": "symfony/polyfill"
                }
            },
            "autoload": {
                "files": [
                    "bootstrap.php"
                ],
                "psr-4": {
                    "Symfony\\Polyfill\\Intl\\Normalizer\\": ""
                },
                "classmap": [
                    "Resources/stubs"
                ]
            },
            "notification-url": "https://packagist.org/downloads/",
            "license": [
                "MIT"
            ],
            "authors": [
                {
                    "name": "Nicolas Grekas",
                    "email": "p@tchwork.com"
                },
                {
                    "name": "Symfony Community",
                    "homepage": "https://symfony.com/contributors"
                }
            ],
            "description": "Symfony polyfill for intl's Normalizer class and related functions",
            "homepage": "https://symfony.com",
            "keywords": [
                "compatibility",
                "intl",
                "normalizer",
                "polyfill",
                "portable",
                "shim"
            ],
            "support": {
                "source": "https://github.com/symfony/polyfill-intl-normalizer/tree/v1.31.0"
            },
            "funding": [
                {
                    "url": "https://symfony.com/sponsor",
                    "type": "custom"
                },
                {
                    "url": "https://github.com/fabpot",
                    "type": "github"
                },
                {
                    "url": "https://tidelift.com/funding/github/packagist/symfony/symfony",
                    "type": "tidelift"
                }
            ],
            "time": "2024-09-09T11:45:10+00:00"
        },
        {
            "name": "twbs/bootstrap",
            "version": "v5.3.3",
            "source": {
                "type": "git",
                "url": "https://github.com/twbs/bootstrap.git",
                "reference": "6e1f75f420f68e1d52733b8e407fc7c3766c9dba"
            },
            "dist": {
                "type": "zip",
                "url": "https://api.github.com/repos/twbs/bootstrap/zipball/6e1f75f420f68e1d52733b8e407fc7c3766c9dba",
                "reference": "6e1f75f420f68e1d52733b8e407fc7c3766c9dba",
                "shasum": ""
            },
            "replace": {
                "twitter/bootstrap": "self.version"
            },
            "type": "library",
            "notification-url": "https://packagist.org/downloads/",
            "license": [
                "MIT"
            ],
            "authors": [
                {
                    "name": "Mark Otto",
                    "email": "markdotto@gmail.com"
                },
                {
                    "name": "Jacob Thornton",
                    "email": "jacobthornton@gmail.com"
                }
            ],
            "description": "The most popular front-end framework for developing responsive, mobile first projects on the web.",
            "homepage": "https://getbootstrap.com/",
            "keywords": [
                "JS",
                "css",
                "framework",
                "front-end",
                "mobile-first",
                "responsive",
                "sass",
                "web"
            ],
            "support": {
                "issues": "https://github.com/twbs/bootstrap/issues",
                "source": "https://github.com/twbs/bootstrap/tree/v5.3.3"
            },
            "time": "2024-02-20T15:14:29+00:00"
        }
    ],
    "packages-dev": [],
    "aliases": [],
    "minimum-stability": "stable",
    "stability-flags": {
        "olaulau/htmlskel": 20
    },
    "prefer-stable": false,
    "prefer-lowest": false,
    "platform": {},
    "platform-dev": {},
    "plugin-api-version": "2.6.0"
}
