{
    "_readme": [
        "This file locks the dependencies of your project to a known state",
        "Read more about it at https://getcomposer.org/doc/01-basic-usage.md#installing-dependencies",
        "This file is @generated automatically"
    ],
    "content-hash": "c77a348e03802d55ec5b1d68b2547267",
    "packages": [
        {
            "name": "bcosca/fatfree",
            "version": "3.7.0",
            "source": {
                "type": "git",
                "url": "https://github.com/bcosca/fatfree.git",
                "reference": "7bd8c57fad088e0ec4983a029f248b785d5e0aab"
            },
            "dist": {
                "type": "zip",
                "url": "https://api.github.com/repos/bcosca/fatfree/zipball/7bd8c57fad088e0ec4983a029f248b785d5e0aab",
                "reference": "7bd8c57fad088e0ec4983a029f248b785d5e0aab",
                "shasum": ""
            },
            "require": {
                "php": ">=5.4"
            },
            "type": "library",
            "autoload": {
                "files": [
                    "lib/base.php"
                ]
            },
            "notification-url": "https://packagist.org/downloads/",
            "license": [
                "GPL-3.0"
            ],
            "description": "A powerful yet easy-to-use PHP micro-framework designed to help you build dynamic and robust Web applications - fast!",
            "homepage": "http://fatfreeframework.com/",
            "time": "2019-11-26T16:18:40+00:00"
        },
        {
            "name": "components/jquery",
            "version": "3.4.1",
            "source": {
                "type": "git",
                "url": "https://github.com/components/jquery.git",
                "reference": "901828b7968b18319e377dc23d466f28426ee083"
            },
            "dist": {
                "type": "zip",
                "url": "https://api.github.com/repos/components/jquery/zipball/901828b7968b18319e377dc23d466f28426ee083",
                "reference": "901828b7968b18319e377dc23d466f28426ee083",
                "shasum": ""
            },
            "type": "component",
            "extra": {
                "component": {
                    "scripts": [
                        "jquery.js"
                    ],
                    "files": [
                        "jquery.min.js",
                        "jquery.min.map",
                        "jquery.slim.js",
                        "jquery.slim.min.js",
                        "jquery.slim.min.map"
                    ]
                }
            },
            "notification-url": "https://packagist.org/downloads/",
            "license": [
                "MIT"
            ],
            "authors": [
                {
                    "name": "JS Foundation and other contributors"
                }
            ],
            "description": "jQuery JavaScript Library",
            "homepage": "http://jquery.com",
            "time": "2019-10-23T05:15:13+00:00"
        },
        {
            "name": "components/jqueryui",
            "version": "1.12.1",
            "source": {
                "type": "git",
                "url": "https://github.com/components/jqueryui.git",
                "reference": "44ecf3794cc56b65954cc19737234a3119d036cc"
            },
            "dist": {
                "type": "zip",
                "url": "https://api.github.com/repos/components/jqueryui/zipball/44ecf3794cc56b65954cc19737234a3119d036cc",
                "reference": "44ecf3794cc56b65954cc19737234a3119d036cc",
                "shasum": ""
            },
            "require": {
                "components/jquery": ">=1.6"
            },
            "type": "component",
            "extra": {
                "component": {
                    "name": "jquery-ui",
                    "scripts": [
                        "jquery-ui.js"
                    ],
                    "files": [
                        "ui/**",
                        "themes/**",
                        "jquery-ui.min.js"
                    ],
                    "shim": {
                        "deps": [
                            "jquery"
                        ],
                        "exports": "jQuery"
                    }
                }
            },
            "notification-url": "https://packagist.org/downloads/",
            "license": [
                "MIT"
            ],
            "authors": [
                {
                    "name": "jQuery UI Team",
                    "homepage": "http://jqueryui.com/about"
                },
                {
                    "name": "Joern Zaefferer",
                    "email": "joern.zaefferer@gmail.com",
                    "homepage": "http://bassistance.de"
                },
                {
                    "name": "Scott Gonzalez",
                    "email": "scott.gonzalez@gmail.com",
                    "homepage": "http://scottgonzalez.com"
                },
                {
                    "name": "Kris Borchers",
                    "email": "kris.borchers@gmail.com",
                    "homepage": "http://krisborchers.com"
                },
                {
                    "name": "Mike Sherov",
                    "email": "mike.sherov@gmail.com",
                    "homepage": "http://mike.sherov.com"
                },
                {
                    "name": "TJ VanToll",
                    "email": "tj.vantoll@gmail.com",
                    "homepage": "http://tjvantoll.com"
                },
                {
                    "name": "Corey Frang",
                    "email": "gnarf37@gmail.com",
                    "homepage": "http://gnarf.net"
                },
                {
                    "name": "Felix Nagel",
                    "email": "info@felixnagel.com",
                    "homepage": "http://www.felixnagel.com"
                }
            ],
            "description": "jQuery UI is a curated set of user interface interactions, effects, widgets, and themes built on top of the jQuery JavaScript Library. Whether you're building highly interactive web applications or you just need to add a date picker to a form control, jQuery UI is the perfect choice.",
            "time": "2016-09-16T05:47:55+00:00"
        },
        {
            "name": "fortawesome/font-awesome",
            "version": "5.12.0",
            "source": {
                "type": "git",
                "url": "https://github.com/FortAwesome/Font-Awesome.git",
                "reference": "d8db3d032d22e7a5e21f3b40905b7867be19bb02"
            },
            "dist": {
                "type": "zip",
                "url": "https://api.github.com/repos/FortAwesome/Font-Awesome/zipball/d8db3d032d22e7a5e21f3b40905b7867be19bb02",
                "reference": "d8db3d032d22e7a5e21f3b40905b7867be19bb02",
                "shasum": ""
            },
            "type": "library",
            "notification-url": "https://packagist.org/downloads/",
            "license": [
                "CC-BY-4.0",
                "OFL-1.1",
                "MIT"
            ],
            "authors": [
                {
                    "name": "Travis Chase",
                    "homepage": "http://twitter.com/supercodepoet"
                },
                {
                    "name": "Dave Gandy",
                    "homepage": "http://twitter.com/davegandy"
                },
                {
                    "name": "Rob Madole",
                    "homepage": "http://twitter.com/robmadole"
                },
                {
                    "name": "Jory Raphael",
                    "homepage": "http://twitter.com/sensibleworld"
                },
                {
                    "name": "Geremia Taglialatela",
                    "homepage": "http://twitter.com/gtagliala"
                },
                {
                    "name": "Brian Talbot",
                    "homepage": "http://twitter.com/talbs"
                },
                {
                    "name": "Mike Wilkerson",
                    "homepage": "http://twitter.com/mw77"
                }
            ],
            "description": "The iconic font, CSS, and SVG framework",
            "homepage": "https://fontawesome.com",
            "keywords": [
                "FontAwesome",
                "awesome",
                "bootstrap",
                "font",
                "icon",
                "svg"
            ],
            "time": "2019-12-10T22:52:13+00:00"
        },
        {
            "name": "io-developer/php-whois",
            "version": "3.4.4",
            "source": {
                "type": "git",
                "url": "https://github.com/io-developer/php-whois.git",
                "reference": "a8599b38c43dba26ca1f49a5efb1857ea72935a0"
            },
            "dist": {
                "type": "zip",
                "url": "https://api.github.com/repos/io-developer/php-whois/zipball/a8599b38c43dba26ca1f49a5efb1857ea72935a0",
                "reference": "a8599b38c43dba26ca1f49a5efb1857ea72935a0",
                "shasum": ""
            },
            "require": {
                "ext-curl": "*",
                "ext-intl": "*",
                "ext-mbstring": "*",
                "php": ">=5.4"
            },
            "require-dev": {
                "phpunit/phpunit": "^4.0"
            },
            "type": "library",
            "autoload": {
                "psr-4": {
                    "Iodev\\": "src/Iodev/"
                }
            },
            "notification-url": "https://packagist.org/downloads/",
            "license": [
                "MIT"
            ],
            "authors": [
                {
                    "name": "Sergey Sedyshev",
                    "email": "i.o.developer@gmail.com",
                    "homepage": "https://github.com/io-developer"
                }
            ],
            "description": "PHP WHOIS provides parsed and raw whois lookup of domains and ASN routes. PHP 5.4+ and 7+ compatible ",
            "homepage": "https://github.com/io-developer/php-whois",
            "keywords": [
                "asn",
                "domain",
                "info",
                "lookup",
                "parser",
                "php",
                "query",
                "routes",
                "tld",
                "whois",
                "црщшы"
            ],
            "time": "2019-12-10T16:01:15+00:00"
        },
        {
            "name": "olaulau/htmlskel",
            "version": "dev-master",
            "source": {
                "type": "git",
                "url": "https://github.com/olaulau/HtmlSkel.git",
                "reference": "ba51cc8817632e67348a930758583cf3b24988ae"
            },
            "dist": {
                "type": "zip",
                "url": "https://api.github.com/repos/olaulau/HtmlSkel/zipball/ba51cc8817632e67348a930758583cf3b24988ae",
                "reference": "ba51cc8817632e67348a930758583cf3b24988ae",
                "shasum": ""
            },
            "require": {
                "bcosca/fatfree": "^3.6",
                "components/jquery": "^3.3",
                "components/jqueryui": "^1.12",
                "fortawesome/font-awesome": "^5.8",
                "twbs/bootstrap": "^4.1"
            },
            "type": "library",
            "support": {
                "source": "https://github.com/olaulau/HtmlSkel/tree/master",
                "issues": "https://github.com/olaulau/HtmlSkel/issues"
            },
            "time": "2019-09-23T15:09:55+00:00"
        },
        {
            "name": "twbs/bootstrap",
            "version": "v4.4.1",
            "source": {
                "type": "git",
                "url": "https://github.com/twbs/bootstrap.git",
                "reference": "dca1ab7d877bc4b664b43604657a2b5fbe2b4ecb"
            },
            "dist": {
                "type": "zip",
                "url": "https://api.github.com/repos/twbs/bootstrap/zipball/dca1ab7d877bc4b664b43604657a2b5fbe2b4ecb",
                "reference": "dca1ab7d877bc4b664b43604657a2b5fbe2b4ecb",
                "shasum": ""
            },
            "replace": {
                "twitter/bootstrap": "self.version"
            },
            "type": "library",
            "extra": {
                "branch-alias": {
                    "dev-master": "3.3.x-dev"
                }
            },
            "notification-url": "https://packagist.org/downloads/",
            "license": [
                "MIT"
            ],
            "authors": [
                {
                    "name": "Mark Otto",
                    "email": "markdotto@gmail.com"
                },
                {
                    "name": "Jacob Thornton",
                    "email": "jacobthornton@gmail.com"
                }
            ],
            "description": "The most popular front-end framework for developing responsive, mobile first projects on the web.",
            "homepage": "https://getbootstrap.com/",
            "keywords": [
                "JS",
                "css",
                "framework",
                "front-end",
                "mobile-first",
                "responsive",
                "sass",
                "web"
            ],
            "time": "2019-11-28T12:59:49+00:00"
        },
        {
            "name": "wruczek/php-file-cache",
            "version": "0.0.4",
            "source": {
                "type": "git",
                "url": "https://github.com/Wruczek/PHP-File-Cache.git",
                "reference": "96fd502522beb7438f0874c7d39e096f5c96764f"
            },
            "dist": {
                "type": "zip",
                "url": "https://api.github.com/repos/Wruczek/PHP-File-Cache/zipball/96fd502522beb7438f0874c7d39e096f5c96764f",
                "reference": "96fd502522beb7438f0874c7d39e096f5c96764f",
                "shasum": ""
            },
            "require": {
                "php": ">=5.4.0"
            },
            "require-dev": {
                "php": ">=5.6.0",
                "phpunit/phpunit": "5.6.*"
            },
            "type": "library",
            "autoload": {
                "psr-4": {
                    "Wruczek\\PhpFileCache\\": "src/"
                }
            },
            "notification-url": "https://packagist.org/downloads/",
            "license": [
                "MIT"
            ],
            "authors": [
                {
                    "name": "Wruczek",
                    "email": "wruczekk@gmail.com",
                    "homepage": "https://wruczek.tech"
                }
            ],
            "description": "Light, simple and standalone PHP in-file caching class",
            "time": "2018-01-20T17:06:00+00:00"
        }
    ],
    "packages-dev": [],
    "aliases": [],
    "minimum-stability": "stable",
    "stability-flags": {
        "olaulau/htmlskel": 20
    },
    "prefer-stable": false,
    "prefer-lowest": false,
    "platform": [],
    "platform-dev": []
}
